<?xml version="1.0" encoding="utf-8"?>
<Project ToolsVersion="4.0" xmlns="http://schemas.microsoft.com/developer/msbuild/2003">
  <ItemGroup>
    <Filter Include="소스 파일">
      <UniqueIdentifier>{4FC737F1-C7A5-4376-A066-2A32D752A2FF}</UniqueIdentifier>
      <Extensions>cpp;c;cc;cxx;def;odl;idl;hpj;bat;asm;asmx</Extensions>
    </Filter>
    <Filter Include="헤더 파일">
      <UniqueIdentifier>{93995380-89BD-4b04-88EB-625FBE52EBFB}</UniqueIdentifier>
      <Extensions>h;hh;hpp;hxx;hm;inl;inc;ipp;xsd</Extensions>
    </Filter>
    <Filter Include="리소스 파일">
      <UniqueIdentifier>{67DA6AB6-F800-4c08-8B7A-83BB121AAD01}</UniqueIdentifier>
      <Extensions>rc;ico;cur;bmp;dlg;rc2;rct;bin;rgs;gif;jpg;jpeg;jpe;resx;tiff;tif;png;wav;mfcribbon-ms</Extensions>
    </Filter>
    <Filter Include="헤더 파일\jvm">
      <UniqueIdentifier>{b3729a96-b50e-4922-8a9e-be6379737207}</UniqueIdentifier>
    </Filter>
    <Filter Include="소스 파일\jvm">
      <UniqueIdentifier>{31ae747c-078d-4393-9051-e8fc029e44c1}</UniqueIdentifier>
    </Filter>
    <Filter Include="소스 파일\kernel">
      <UniqueIdentifier>{097da94c-f079-4674-8133-2be2730e4f23}</UniqueIdentifier>
    </Filter>
    <Filter Include="헤더 파일\kernel">
      <UniqueIdentifier>{4950192d-5b66-4941-9b7c-b81bcd9226a5}</UniqueIdentifier>
    </Filter>
  </ItemGroup>
  <ItemGroup>
    <ClCompile Include="src\Process.cpp">
      <Filter>소스 파일</Filter>
    </ClCompile>
    <ClCompile Include="src\Utility.cpp">
      <Filter>소스 파일</Filter>
    </ClCompile>
    <ClCompile Include="src\Generator.cpp">
      <Filter>소스 파일</Filter>
    </ClCompile>
    <ClCompile Include="src\SensorProcess.cpp">
      <Filter>소스 파일</Filter>
    </ClCompile>
    <ClCompile Include="src\Transducer.cpp">
      <Filter>소스 파일</Filter>
    </ClCompile>
    <ClCompile Include="jvm\JvmWrapper.cpp">
      <Filter>소스 파일\jvm</Filter>
    </ClCompile>
    <ClCompile Include="kernel\src\Atomic.cpp">
      <Filter>소스 파일\kernel</Filter>
    </ClCompile>
    <ClCompile Include="kernel\src\Coupled.cpp">
      <Filter>소스 파일\kernel</Filter>
    </ClCompile>
    <ClCompile Include="kernel\src\Digraph.cpp">
      <Filter>소스 파일\kernel</Filter>
    </ClCompile>
    <ClCompile Include="kernel\src\Entity.cpp">
      <Filter>소스 파일\kernel</Filter>
    </ClCompile>
    <ClCompile Include="kernel\src\Entstr.cpp">
      <Filter>소스 파일\kernel</Filter>
    </ClCompile>
    <ClCompile Include="kernel\src\List.cpp">
      <Filter>소스 파일\kernel</Filter>
    </ClCompile>
    <ClCompile Include="kernel\src\Message.cpp">
      <Filter>소스 파일\kernel</Filter>
    </ClCompile>
    <ClCompile Include="kernel\src\MList.cpp">
      <Filter>소스 파일\kernel</Filter>
    </ClCompile>
    <ClCompile Include="kernel\src\Model.cpp">
      <Filter>소스 파일\kernel</Filter>
    </ClCompile>
    <ClCompile Include="kernel\src\Output.cpp">
      <Filter>소스 파일\kernel</Filter>
    </ClCompile>
    <ClCompile Include="kernel\src\Port.cpp">
      <Filter>소스 파일\kernel</Filter>
    </ClCompile>
    <ClCompile Include="src\DecisionMakingProcess.cpp">
      <Filter>소스 파일</Filter>
    </ClCompile>
    <ClCompile Include="src\ActuatorProcess.cpp">
      <Filter>소스 파일</Filter>
    </ClCompile>
    <ClCompile Include="src\main.cpp">
      <Filter>소스 파일</Filter>
    </ClCompile>
    <ClCompile Include="src\BindableModel.cpp">
      <Filter>소스 파일</Filter>
    </ClCompile>
  </ItemGroup>
  <ItemGroup>
    <ClInclude Include="include\Generator.hpp">
      <Filter>헤더 파일</Filter>
    </ClInclude>
    <ClInclude Include="include\Process.hpp">
      <Filter>헤더 파일</Filter>
    </ClInclude>
    <ClInclude Include="include\SensorProcess.hpp">
      <Filter>헤더 파일</Filter>
    </ClInclude>
    <ClInclude Include="include\Transducer.hpp">
      <Filter>헤더 파일</Filter>
    </ClInclude>
    <ClInclude Include="jvm\JvmWrapper.hpp">
      <Filter>헤더 파일\jvm</Filter>
    </ClInclude>
    <ClInclude Include="kernel\include\Atomic.hpp">
      <Filter>헤더 파일\kernel</Filter>
    </ClInclude>
    <ClInclude Include="kernel\include\Coupled.hpp">
      <Filter>헤더 파일\kernel</Filter>
    </ClInclude>
    <ClInclude Include="kernel\include\DEVSDEF.H">
      <Filter>헤더 파일\kernel</Filter>
    </ClInclude>
    <ClInclude Include="kernel\include\Digraph.hpp">
      <Filter>헤더 파일\kernel</Filter>
    </ClInclude>
    <ClInclude Include="kernel\include\Entity.hpp">
      <Filter>헤더 파일\kernel</Filter>
    </ClInclude>
    <ClInclude Include="kernel\include\Entstr.hpp">
      <Filter>헤더 파일\kernel</Filter>
    </ClInclude>
    <ClInclude Include="kernel\include\List.hpp">
      <Filter>헤더 파일\kernel</Filter>
    </ClInclude>
    <ClInclude Include="kernel\include\Message.hpp">
      <Filter>헤더 파일\kernel</Filter>
    </ClInclude>
    <ClInclude Include="kernel\include\MList.hpp">
      <Filter>헤더 파일\kernel</Filter>
    </ClInclude>
    <ClInclude Include="kernel\include\Model.hpp">
      <Filter>헤더 파일\kernel</Filter>
    </ClInclude>
    <ClInclude Include="kernel\include\Port.hpp">
      <Filter>헤더 파일\kernel</Filter>
    </ClInclude>
    <ClInclude Include="kernel\include\Tglobal.h">
      <Filter>헤더 파일\kernel</Filter>
    </ClInclude>
    <ClInclude Include="include\DecisionMakingProcess.hpp">
      <Filter>헤더 파일</Filter>
    </ClInclude>
    <ClInclude Include="include\ActuatorProcess.hpp">
      <Filter>헤더 파일</Filter>
    </ClInclude>
    <ClInclude Include="include\BindableModel.hpp">
      <Filter>헤더 파일</Filter>
    </ClInclude>
  </ItemGroup>
</Project>